// !$*UTF8*$!
{
	archiveVersion = 1;
	classes = {
	};
	objectVersion = 46;
	objects = {

/* Begin PBXBuildFile section */
		D45E7AA71FFF2F68009A2A60 /* main.m in Sources */ = {isa = PBXBuildFile; fileRef = D45E7AA61FFF2F68009A2A60 /* main.m */; };
		D4CB8BB81FFF347800B06396 /* BusDepot.m in Sources */ = {isa = PBXBuildFile; fileRef = D4CB8BB71FFF347800B06396 /* BusDepot.m */; };
		D4CB8BBB1FFF34C300B06396 /* OrdinaryBus.m in Sources */ = {isa = PBXBuildFile; fileRef = D4CB8BBA1FFF34C300B06396 /* OrdinaryBus.m */; };
		D4CB8BBE1FFF34FD00B06396 /* ExpressBus.m in Sources */ = {isa = PBXBuildFile; fileRef = D4CB8BBD1FFF34FD00B06396 /* ExpressBus.m */; };
		D4CB8BC11FFF351400B06396 /* DeluxeBus.m in Sources */ = {isa = PBXBuildFile; fileRef = D4CB8BC01FFF351400B06396 /* DeluxeBus.m */; };
		D4CB8BC41FFF352D00B06396 /* GarudaBus.m in Sources */ = {isa = PBXBuildFile; fileRef = D4CB8BC31FFF352D00B06396 /* GarudaBus.m */; };
		D4CB8BCA1FFF3D6600B06396 /* Seat.m in Sources */ = {isa = PBXBuildFile; fileRef = D4CB8BC91FFF3D6600B06396 /* Seat.m */; };
		D4CB8BCD1FFF45B200B06396 /* Steering.m in Sources */ = {isa = PBXBuildFile; fileRef = D4CB8BCC1FFF45B200B06396 /* Steering.m */; };
		D4CB8BD01FFF47A300B06396 /* Horn.m in Sources */ = {isa = PBXBuildFile; fileRef = D4CB8BCF1FFF47A300B06396 /* Horn.m */; };
		D4CB8BD31FFF48E200B06396 /* Doors.m in Sources */ = {isa = PBXBuildFile; fileRef = D4CB8BD21FFF48E200B06396 /* Doors.m */; };
		D4CB8BD61FFF4C6600B06396 /* AC.m in Sources */ = {isa = PBXBuildFile; fileRef = D4CB8BD51FFF4C6600B06396 /* AC.m */; };
		D4CB8BDF1FFF504800B06396 /* Curtains.m in Sources */ = {isa = PBXBuildFile; fileRef = D4CB8BDE1FFF504800B06396 /* Curtains.m */; };
		D4CB8BE21FFF524500B06396 /* WaterBottle.m in Sources */ = {isa = PBXBuildFile; fileRef = D4CB8BE11FFF524500B06396 /* WaterBottle.m */; };
		D4CB8BE51FFF525D00B06396 /* TeleVision.m in Sources */ = {isa = PBXBuildFile; fileRef = D4CB8BE41FFF525D00B06396 /* TeleVision.m */; };
		D4CB8BE81FFF5A4600B06396 /* Indra.m in Sources */ = {isa = PBXBuildFile; fileRef = D4CB8BE71FFF5A4600B06396 /* Indra.m */; };
/* End PBXBuildFile section */

/* Begin PBXCopyFilesBuildPhase section */
		D45E7AA11FFF2F68009A2A60 /* CopyFiles */ = {
			isa = PBXCopyFilesBuildPhase;
			buildActionMask = 2147483647;
			dstPath = /usr/share/man/man1/;
			dstSubfolderSpec = 0;
			files = (
			);
			runOnlyForDeploymentPostprocessing = 1;
		};
/* End PBXCopyFilesBuildPhase section */

/* Begin PBXFileReference section */
		D45E7AA31FFF2F68009A2A60 /* BusDepotComposition */ = {isa = PBXFileReference; explicitFileType = "compiled.mach-o.executable"; includeInIndex = 0; path = BusDepotComposition; sourceTree = BUILT_PRODUCTS_DIR; };
		D45E7AA61FFF2F68009A2A60 /* main.m */ = {isa = PBXFileReference; lastKnownFileType = sourcecode.c.objc; path = main.m; sourceTree = "<group>"; };
		D4CB8BB61FFF347800B06396 /* BusDepot.h */ = {isa = PBXFileReference; fileEncoding = 4; lastKnownFileType = sourcecode.c.h; path = BusDepot.h; sourceTree = "<group>"; };
		D4CB8BB71FFF347800B06396 /* BusDepot.m */ = {isa = PBXFileReference; fileEncoding = 4; lastKnownFileType = sourcecode.c.objc; path = BusDepot.m; sourceTree = "<group>"; };
		D4CB8BB91FFF34C300B06396 /* OrdinaryBus.h */ = {isa = PBXFileReference; fileEncoding = 4; lastKnownFileType = sourcecode.c.h; path = OrdinaryBus.h; sourceTree = "<group>"; };
		D4CB8BBA1FFF34C300B06396 /* OrdinaryBus.m */ = {isa = PBXFileReference; fileEncoding = 4; lastKnownFileType = sourcecode.c.objc; path = OrdinaryBus.m; sourceTree = "<group>"; };
		D4CB8BBC1FFF34FD00B06396 /* ExpressBus.h */ = {isa = PBXFileReference; fileEncoding = 4; lastKnownFileType = sourcecode.c.h; path = ExpressBus.h; sourceTree = "<group>"; };
		D4CB8BBD1FFF34FD00B06396 /* ExpressBus.m */ = {isa = PBXFileReference; fileEncoding = 4; lastKnownFileType = sourcecode.c.objc; path = ExpressBus.m; sourceTree = "<group>"; };
		D4CB8BBF1FFF351400B06396 /* DeluxeBus.h */ = {isa = PBXFileReference; fileEncoding = 4; lastKnownFileType = sourcecode.c.h; path = DeluxeBus.h; sourceTree = "<group>"; };
		D4CB8BC01FFF351400B06396 /* DeluxeBus.m */ = {isa = PBXFileReference; fileEncoding = 4; lastKnownFileType = sourcecode.c.objc; path = DeluxeBus.m; sourceTree = "<group>"; };
		D4CB8BC21FFF352D00B06396 /* GarudaBus.h */ = {isa = PBXFileReference; fileEncoding = 4; lastKnownFileType = sourcecode.c.h; path = GarudaBus.h; sourceTree = "<group>"; };
		D4CB8BC31FFF352D00B06396 /* GarudaBus.m */ = {isa = PBXFileReference; fileEncoding = 4; lastKnownFileType = sourcecode.c.objc; path = GarudaBus.m; sourceTree = "<group>"; };
		D4CB8BC81FFF3D6600B06396 /* Seat.h */ = {isa = PBXFileReference; fileEncoding = 4; lastKnownFileType = sourcecode.c.h; path = Seat.h; sourceTree = "<group>"; };
		D4CB8BC91FFF3D6600B06396 /* Seat.m */ = {isa = PBXFileReference; fileEncoding = 4; lastKnownFileType = sourcecode.c.objc; path = Seat.m; sourceTree = "<group>"; };
		D4CB8BCB1FFF45B200B06396 /* Steering.h */ = {isa = PBXFileReference; fileEncoding = 4; lastKnownFileType = sourcecode.c.h; path = Steering.h; sourceTree = "<group>"; };
		D4CB8BCC1FFF45B200B06396 /* Steering.m */ = {isa = PBXFileReference; fileEncoding = 4; lastKnownFileType = sourcecode.c.objc; path = Steering.m; sourceTree = "<group>"; };
		D4CB8BCE1FFF47A300B06396 /* Horn.h */ = {isa = PBXFileReference; fileEncoding = 4; lastKnownFileType = sourcecode.c.h; path = Horn.h; sourceTree = "<group>"; };
		D4CB8BCF1FFF47A300B06396 /* Horn.m */ = {isa = PBXFileReference; fileEncoding = 4; lastKnownFileType = sourcecode.c.objc; path = Horn.m; sourceTree = "<group>"; };
		D4CB8BD11FFF48E200B06396 /* Doors.h */ = {isa = PBXFileReference; fileEncoding = 4; lastKnownFileType = sourcecode.c.h; path = Doors.h; sourceTree = "<group>"; };
		D4CB8BD21FFF48E200B06396 /* Doors.m */ = {isa = PBXFileReference; fileEncoding = 4; lastKnownFileType = sourcecode.c.objc; path = Doors.m; sourceTree = "<group>"; };
		D4CB8BD41FFF4C6600B06396 /* AC.h */ = {isa = PBXFileReference; fileEncoding = 4; lastKnownFileType = sourcecode.c.h; path = AC.h; sourceTree = "<group>"; };
		D4CB8BD51FFF4C6600B06396 /* AC.m */ = {isa = PBXFileReference; fileEncoding = 4; lastKnownFileType = sourcecode.c.objc; path = AC.m; sourceTree = "<group>"; };
		D4CB8BDD1FFF504800B06396 /* Curtains.h */ = {isa = PBXFileReference; fileEncoding = 4; lastKnownFileType = sourcecode.c.h; path = Curtains.h; sourceTree = "<group>"; };
		D4CB8BDE1FFF504800B06396 /* Curtains.m */ = {isa = PBXFileReference; fileEncoding = 4; lastKnownFileType = sourcecode.c.objc; path = Curtains.m; sourceTree = "<group>"; };
		D4CB8BE01FFF524500B06396 /* WaterBottle.h */ = {isa = PBXFileReference; fileEncoding = 4; lastKnownFileType = sourcecode.c.h; path = WaterBottle.h; sourceTree = "<group>"; };
		D4CB8BE11FFF524500B06396 /* WaterBottle.m */ = {isa = PBXFileReference; fileEncoding = 4; lastKnownFileType = sourcecode.c.objc; path = WaterBottle.m; sourceTree = "<group>"; };
		D4CB8BE31FFF525D00B06396 /* TeleVision.h */ = {isa = PBXFileReference; fileEncoding = 4; lastKnownFileType = sourcecode.c.h; path = TeleVision.h; sourceTree = "<group>"; };
		D4CB8BE41FFF525D00B06396 /* TeleVision.m */ = {isa = PBXFileReference; fileEncoding = 4; lastKnownFileType = sourcecode.c.objc; path = TeleVision.m; sourceTree = "<group>"; };
		D4CB8BE61FFF5A4600B06396 /* Indra.h */ = {isa = PBXFileReference; fileEncoding = 4; lastKnownFileType = sourcecode.c.h; path = Indra.h; sourceTree = "<group>"; };
		D4CB8BE71FFF5A4600B06396 /* Indra.m */ = {isa = PBXFileReference; fileEncoding = 4; lastKnownFileType = sourcecode.c.objc; path = Indra.m; sourceTree = "<group>"; };
/* End PBXFileReference section */

/* Begin PBXFrameworksBuildPhase section */
		D45E7AA01FFF2F68009A2A60 /* Frameworks */ = {
			isa = PBXFrameworksBuildPhase;
			buildActionMask = 2147483647;
			files = (
			);
			runOnlyForDeploymentPostprocessing = 0;
		};
/* End PBXFrameworksBuildPhase section */

/* Begin PBXGroup section */
		D45E7A9A1FFF2F68009A2A60 = {
			isa = PBXGroup;
			children = (
				D45E7AA51FFF2F68009A2A60 /* BusDepotComposition */,
				D45E7AA41FFF2F68009A2A60 /* Products */,
			);
			sourceTree = "<group>";
		};
		D45E7AA41FFF2F68009A2A60 /* Products */ = {
			isa = PBXGroup;
			children = (
				D45E7AA31FFF2F68009A2A60 /* BusDepotComposition */,
			);
			name = Products;
			sourceTree = "<group>";
		};
		D45E7AA51FFF2F68009A2A60 /* BusDepotComposition */ = {
			isa = PBXGroup;
			children = (
				D45E7AA61FFF2F68009A2A60 /* main.m */,
				D4CB8BB61FFF347800B06396 /* BusDepot.h */,
				D4CB8BB71FFF347800B06396 /* BusDepot.m */,
				D4CB8BB91FFF34C300B06396 /* OrdinaryBus.h */,
				D4CB8BBA1FFF34C300B06396 /* OrdinaryBus.m */,
				D4CB8BBC1FFF34FD00B06396 /* ExpressBus.h */,
				D4CB8BBD1FFF34FD00B06396 /* ExpressBus.m */,
				D4CB8BBF1FFF351400B06396 /* DeluxeBus.h */,
				D4CB8BC01FFF351400B06396 /* DeluxeBus.m */,
				D4CB8BC21FFF352D00B06396 /* GarudaBus.h */,
				D4CB8BC31FFF352D00B06396 /* GarudaBus.m */,
				D4CB8BC81FFF3D6600B06396 /* Seat.h */,
				D4CB8BC91FFF3D6600B06396 /* Seat.m */,
				D4CB8BCB1FFF45B200B06396 /* Steering.h */,
				D4CB8BCC1FFF45B200B06396 /* Steering.m */,
				D4CB8BCE1FFF47A300B06396 /* Horn.h */,
				D4CB8BCF1FFF47A300B06396 /* Horn.m */,
				D4CB8BD11FFF48E200B06396 /* Doors.h */,
				D4CB8BD21FFF48E200B06396 /* Doors.m */,
				D4CB8BD41FFF4C6600B06396 /* AC.h */,
				D4CB8BD51FFF4C6600B06396 /* AC.m */,
				D4CB8BDD1FFF504800B06396 /* Curtains.h */,
				D4CB8BDE1FFF504800B06396 /* Curtains.m */,
				D4CB8BE01FFF524500B06396 /* WaterBottle.h */,
				D4CB8BE11FFF524500B06396 /* WaterBottle.m */,
				D4CB8BE31FFF525D00B06396 /* TeleVision.h */,
				D4CB8BE41FFF525D00B06396 /* TeleVision.m */,
				D4CB8BE61FFF5A4600B06396 /* Indra.h */,
				D4CB8BE71FFF5A4600B06396 /* Indra.m */,
			);
			path = BusDepotComposition;
			sourceTree = "<group>";
		};
/* End PBXGroup section */

/* Begin PBXNativeTarget section */
		D45E7AA21FFF2F68009A2A60 /* BusDepotComposition */ = {
			isa = PBXNativeTarget;
			buildConfigurationList = D45E7AAA1FFF2F68009A2A60 /* Build configuration list for PBXNativeTarget "BusDepotComposition" */;
			buildPhases = (
				D45E7A9F1FFF2F68009A2A60 /* Sources */,
				D45E7AA01FFF2F68009A2A60 /* Frameworks */,
				D45E7AA11FFF2F68009A2A60 /* CopyFiles */,
			);
			buildRules = (
			);
			dependencies = (
			);
			name = BusDepotComposition;
			productName = BusDepotComposition;
			productReference = D45E7AA31FFF2F68009A2A60 /* BusDepotComposition */;
			productType = "com.apple.product-type.tool";
		};
/* End PBXNativeTarget section */

/* Begin PBXProject section */
		D45E7A9B1FFF2F68009A2A60 /* Project object */ = {
			isa = PBXProject;
			attributes = {
				LastUpgradeCheck = 0830;
				ORGANIZATIONNAME = "Alivelu Ravula";
				TargetAttributes = {
					D45E7AA21FFF2F68009A2A60 = {
						CreatedOnToolsVersion = 8.3.3;
						ProvisioningStyle = Automatic;
					};
				};
			};
			buildConfigurationList = D45E7A9E1FFF2F68009A2A60 /* Build configuration list for PBXProject "BusDepotComposition" */;
			compatibilityVersion = "Xcode 3.2";
			developmentRegion = English;
			hasScannedForEncodings = 0;
			knownRegions = (
				en,
			);
			mainGroup = D45E7A9A1FFF2F68009A2A60;
			productRefGroup = D45E7AA41FFF2F68009A2A60 /* Products */;
			projectDirPath = "";
			projectRoot = "";
			targets = (
				D45E7AA21FFF2F68009A2A60 /* BusDepotComposition */,
			);
		};
/* End PBXProject section */

/* Begin PBXSourcesBuildPhase section */
		D45E7A9F1FFF2F68009A2A60 /* Sources */ = {
			isa = PBXSourcesBuildPhase;
			buildActionMask = 2147483647;
			files = (
				D4CB8BC41FFF352D00B06396 /* GarudaBus.m in Sources */,
				D45E7AA71FFF2F68009A2A60 /* main.m in Sources */,
				D4CB8BDF1FFF504800B06396 /* Curtains.m in Sources */,
				D4CB8BBB1FFF34C300B06396 /* OrdinaryBus.m in Sources */,
				D4CB8BB81FFF347800B06396 /* BusDepot.m in Sources */,
				D4CB8BBE1FFF34FD00B06396 /* ExpressBus.m in Sources */,
				D4CB8BD61FFF4C6600B06396 /* AC.m in Sources */,
				D4CB8BE51FFF525D00B06396 /* TeleVision.m in Sources */,
				D4CB8BC11FFF351400B06396 /* DeluxeBus.m in Sources */,
				D4CB8BCD1FFF45B200B06396 /* Steering.m in Sources */,
				D4CB8BD31FFF48E200B06396 /* Doors.m in Sources */,
				D4CB8BD01FFF47A300B06396 /* Horn.m in Sources */,
				D4CB8BE81FFF5A4600B06396 /* Indra.m in Sources */,
				D4CB8BE21FFF524500B06396 /* WaterBottle.m in Sources */,
				D4CB8BCA1FFF3D6600B06396 /* Seat.m in Sources */,
			);
			runOnlyForDeploymentPostprocessing = 0;
		};
/* End PBXSourcesBuildPhase section */

/* Begin XCBuildConfiguration section */
		D45E7AA81FFF2F68009A2A60 /* Debug */ = {
			isa = XCBuildConfiguration;
			buildSettings = {
				ALWAYS_SEARCH_USER_PATHS = NO;
				CLANG_ANALYZER_NONNULL = YES;
				CLANG_ANALYZER_NUMBER_OBJECT_CONVERSION = YES_AGGRESSIVE;
				CLANG_CXX_LANGUAGE_STANDARD = "gnu++0x";
				CLANG_CXX_LIBRARY = "libc++";
				CLANG_ENABLE_MODULES = YES;
				CLANG_ENABLE_OBJC_ARC = YES;
				CLANG_WARN_BOOL_CONVERSION = YES;
				CLANG_WARN_CONSTANT_CONVERSION = YES;
				CLANG_WARN_DIRECT_OBJC_ISA_USAGE = YES_ERROR;
				CLANG_WARN_DOCUMENTATION_COMMENTS = YES;
				CLANG_WARN_EMPTY_BODY = YES;
				CLANG_WARN_ENUM_CONVERSION = YES;
				CLANG_WARN_INFINITE_RECURSION = YES;
				CLANG_WARN_INT_CONVERSION = YES;
				CLANG_WARN_OBJC_ROOT_CLASS = YES_ERROR;
				CLANG_WARN_SUSPICIOUS_MOVE = YES;
				CLANG_WARN_UNREACHABLE_CODE = YES;
				CLANG_WARN__DUPLICATE_METHOD_MATCH = YES;
				CODE_SIGN_IDENTITY = "-";
				COPY_PHASE_STRIP = NO;
				DEBUG_INFORMATION_FORMAT = dwarf;
				ENABLE_STRICT_OBJC_MSGSEND = YES;
				ENABLE_TESTABILITY = YES;
				GCC_C_LANGUAGE_STANDARD = gnu99;
				GCC_DYNAMIC_NO_PIC = NO;
				GCC_NO_COMMON_BLOCKS = YES;
				GCC_OPTIMIZATION_LEVEL = 0;
				GCC_PREPROCESSOR_DEFINITIONS = (
					"DEBUG=1",
					"$(inherited)",
				);
				GCC_WARN_64_TO_32_BIT_CONVERSION = YES;
				GCC_WARN_ABOUT_RETURN_TYPE = YES_ERROR;
				GCC_WARN_UNDECLARED_SELECTOR = YES;
				GCC_WARN_UNINITIALIZED_AUTOS = YES_AGGRESSIVE;
				GCC_WARN_UNUSED_FUNCTION = YES;
				GCC_WARN_UNUSED_VARIABLE = YES;
				MACOSX_DEPLOYMENT_TARGET = 10.12;
				MTL_ENABLE_DEBUG_INFO = YES;
				ONLY_ACTIVE_ARCH = YES;
				SDKROOT = macosx;
			};
			name = Debug;
		};
		D45E7AA91FFF2F68009A2A60 /* Release */ = {
			isa = XCBuildConfiguration;
			buildSettings = {
				ALWAYS_SEARCH_USER_PATHS = NO;
				CLANG_ANALYZER_NONNULL = YES;
				CLANG_ANALYZER_NUMBER_OBJECT_CONVERSION = YES_AGGRESSIVE;
				CLANG_CXX_LANGUAGE_STANDARD = "gnu++0x";
				CLANG_CXX_LIBRARY = "libc++";
				CLANG_ENABLE_MODULES = YES;
				CLANG_ENABLE_OBJC_ARC = YES;
				CLANG_WARN_BOOL_CONVERSION = YES;
				CLANG_WARN_CONSTANT_CONVERSION = YES;
				CLANG_WARN_DIRECT_OBJC_ISA_USAGE = YES_ERROR;
				CLANG_WARN_DOCUMENTATION_COMMENTS = YES;
				CLANG_WARN_EMPTY_BODY = YES;
				CLANG_WARN_ENUM_CONVERSION = YES;
				CLANG_WARN_INFINITE_RECURSION = YES;
				CLANG_WARN_INT_CONVERSION = YES;
				CLANG_WARN_OBJC_ROOT_CLASS = YES_ERROR;
				CLANG_WARN_SUSPICIOUS_MOVE = YES;
				CLANG_WARN_UNREACHABLE_CODE = YES;
				CLANG_WARN__DUPLICATE_METHOD_MATCH = YES;
				CODE_SIGN_IDENTITY = "-";
				COPY_PHASE_STRIP = NO;
				DEBUG_INFORMATION_FORMAT = "dwarf-with-dsym";
				ENABLE_NS_ASSERTIONS = NO;
				ENABLE_STRICT_OBJC_MSGSEND = YES;
				GCC_C_LANGUAGE_STANDARD = gnu99;
				GCC_NO_COMMON_BLOCKS = YES;
				GCC_WARN_64_TO_32_BIT_CONVERSION = YES;
				GCC_WARN_ABOUT_RETURN_TYPE = YES_ERROR;
				GCC_WARN_UNDECLARED_SELECTOR = YES;
				GCC_WARN_UNINITIALIZED_AUTOS = YES_AGGRESSIVE;
				GCC_WARN_UNUSED_FUNCTION = YES;
				GCC_WARN_UNUSED_VARIABLE = YES;
				MACOSX_DEPLOYMENT_TARGET = 10.12;
				MTL_ENABLE_DEBUG_INFO = NO;
				SDKROOT = macosx;
			};
			name = Release;
		};
		D45E7AAB1FFF2F68009A2A60 /* Debug */ = {
			isa = XCBuildConfiguration;
			buildSettings = {
				PRODUCT_NAME = "$(TARGET_NAME)";
			};
			name = Debug;
		};
		D45E7AAC1FFF2F68009A2A60 /* Release */ = {
			isa = XCBuildConfiguration;
			buildSettings = {
				PRODUCT_NAME = "$(TARGET_NAME)";
			};
			name = Release;
		};
/* End XCBuildConfiguration section */

/* Begin XCConfigurationList section */
		D45E7A9E1FFF2F68009A2A60 /* Build configuration list for PBXProject "BusDepotComposition" */ = {
			isa = XCConfigurationList;
			buildConfigurations = (
				D45E7AA81FFF2F68009A2A60 /* Debug */,
				D45E7AA91FFF2F68009A2A60 /* Release */,
			);
			defaultConfigurationIsVisible = 0;
			defaultConfigurationName = Release;
		};
		D45E7AAA1FFF2F68009A2A60 /* Build configuration list for PBXNativeTarget "BusDepotComposition" */ = {
			isa = XCConfigurationList;
			buildConfigurations = (
				D45E7AAB1FFF2F68009A2A60 /* Debug */,
				D45E7AAC1FFF2F68009A2A60 /* Release */,
			);
			defaultConfigurationIsVisible = 0;
			defaultConfigurationName = Release;
		};
/* End XCConfigurationList section */
	};
	rootObject = D45E7A9B1FFF2F68009A2A60 /* Project object */;
}
